
Microsoft Visual Studio Solution File, Format Version 12.00
# Visual Studio Version 17
VisualStudioVersion = 17.11.35312.102
MinimumVisualStudioVersion = 10.0.40219.1
Project("{9A19103F-16F7-4668-BE54-9A1E7A4F7556}") = "Project1", "ModulesProjectsV2\Project1.csproj", "{78436737-32A1-4587-AC57-84286B43FBD1}"
EndProject
Project("{9A19103F-16F7-4668-BE54-9A1E7A4F7556}") = "Graphics", "Graphics\Graphics.csproj", "{798D2ACC-5AA1-46D4-8FAC-95AC045CE18D}"
EndProject
Project("{9A19103F-16F7-4668-BE54-9A1E7A4F7556}") = "Tools", "Tools\Tools.csproj", "{9B0EC7A2-B3C2-4BB7-BE85-B0A0EFEF7F7F}"
EndProject
Project("{FAE04EC0-301F-11D3-BF4B-00C04F79EFBC}") = "Tooling", "Tooling\Tooling.csproj", "{558899FF-01C9-480E-8837-DA2161694819}"
EndProject
Project("{9A19103F-16F7-4668-BE54-9A1E7A4F7556}") = "GeonBit.UI", "GeonBit.UI\GeonBit.UI.csproj", "{D84DFEB6-421A-4B88-B079-03AAEEE84FF7}"
EndProject
Project("{9A19103F-16F7-4668-BE54-9A1E7A4F7556}") = "GeonBit.UI.Examples", "GeonBit.UI.Examples\GeonBit.UI.Examples.csproj", "{FCF0FD04-C856-46F6-A192-406853F5D311}"
EndProject
Project("{9A19103F-16F7-4668-BE54-9A1E7A4F7556}") = "Project3", "Project3\Project3.csproj", "{63DBEA92-469B-4EB3-B886-C35D07AD26E5}"
EndProject
Project("{9A19103F-16F7-4668-BE54-9A1E7A4F7556}") = "SFX", "SFX\SFX.csproj", "{62D6147D-8105-4230-80B7-2F474833E340}"
EndProject
Project("{9A19103F-16F7-4668-BE54-9A1E7A4F7556}") = "ConsoleApp1", "ConsoleApp1\ConsoleApp1.csproj", "{BF2DBA3A-E0B1-4663-88D3-1A36CAE35100}"
EndProject
Project("{FAE04EC0-301F-11D3-BF4B-00C04F79EFBC}") = "Project4", "Project4\Project4.csproj", "{7898302C-A8FD-429D-BB67-B324B587CA62}"
EndProject
Project("{FAE04EC0-301F-11D3-BF4B-00C04F79EFBC}") = "Project5", "Project5\Project5.csproj", "{5CC29D06-E2A3-4C7D-A5D2-19CD6D0451AF}"
EndProject
Global
	GlobalSection(SolutionConfigurationPlatforms) = preSolution
		Debug|Any CPU = Debug|Any CPU
		Editor|Any CPU = Editor|Any CPU
		Release|Any CPU = Release|Any CPU
	EndGlobalSection
	GlobalSection(ProjectConfigurationPlatforms) = postSolution
		{78436737-32A1-4587-AC57-84286B43FBD1}.Debug|Any CPU.ActiveCfg = Debug|Any CPU
		{78436737-32A1-4587-AC57-84286B43FBD1}.Debug|Any CPU.Build.0 = Debug|Any CPU
		{78436737-32A1-4587-AC57-84286B43FBD1}.Editor|Any CPU.ActiveCfg = Debug|Any CPU
		{78436737-32A1-4587-AC57-84286B43FBD1}.Editor|Any CPU.Build.0 = Debug|Any CPU
		{78436737-32A1-4587-AC57-84286B43FBD1}.Release|Any CPU.ActiveCfg = Release|Any CPU
		{78436737-32A1-4587-AC57-84286B43FBD1}.Release|Any CPU.Build.0 = Release|Any CPU
		{798D2ACC-5AA1-46D4-8FAC-95AC045CE18D}.Debug|Any CPU.ActiveCfg = Debug|Any CPU
		{798D2ACC-5AA1-46D4-8FAC-95AC045CE18D}.Debug|Any CPU.Build.0 = Debug|Any CPU
		{798D2ACC-5AA1-46D4-8FAC-95AC045CE18D}.Editor|Any CPU.ActiveCfg = Debug|Any CPU
		{798D2ACC-5AA1-46D4-8FAC-95AC045CE18D}.Editor|Any CPU.Build.0 = Debug|Any CPU
		{798D2ACC-5AA1-46D4-8FAC-95AC045CE18D}.Release|Any CPU.ActiveCfg = Release|Any CPU
		{798D2ACC-5AA1-46D4-8FAC-95AC045CE18D}.Release|Any CPU.Build.0 = Release|Any CPU
		{9B0EC7A2-B3C2-4BB7-BE85-B0A0EFEF7F7F}.Debug|Any CPU.ActiveCfg = Debug|Any CPU
		{9B0EC7A2-B3C2-4BB7-BE85-B0A0EFEF7F7F}.Debug|Any CPU.Build.0 = Debug|Any CPU
		{9B0EC7A2-B3C2-4BB7-BE85-B0A0EFEF7F7F}.Editor|Any CPU.ActiveCfg = Debug|Any CPU
		{9B0EC7A2-B3C2-4BB7-BE85-B0A0EFEF7F7F}.Editor|Any CPU.Build.0 = Debug|Any CPU
		{9B0EC7A2-B3C2-4BB7-BE85-B0A0EFEF7F7F}.Release|Any CPU.ActiveCfg = Release|Any CPU
		{9B0EC7A2-B3C2-4BB7-BE85-B0A0EFEF7F7F}.Release|Any CPU.Build.0 = Release|Any CPU
		{558899FF-01C9-480E-8837-DA2161694819}.Debug|Any CPU.ActiveCfg = Debug|Any CPU
		{558899FF-01C9-480E-8837-DA2161694819}.Debug|Any CPU.Build.0 = Debug|Any CPU
		{558899FF-01C9-480E-8837-DA2161694819}.Editor|Any CPU.ActiveCfg = Debug|Any CPU
		{558899FF-01C9-480E-8837-DA2161694819}.Editor|Any CPU.Build.0 = Debug|Any CPU
		{558899FF-01C9-480E-8837-DA2161694819}.Release|Any CPU.ActiveCfg = Release|Any CPU
		{558899FF-01C9-480E-8837-DA2161694819}.Release|Any CPU.Build.0 = Release|Any CPU
		{D84DFEB6-421A-4B88-B079-03AAEEE84FF7}.Debug|Any CPU.ActiveCfg = Debug|Any CPU
		{D84DFEB6-421A-4B88-B079-03AAEEE84FF7}.Debug|Any CPU.Build.0 = Debug|Any CPU
		{D84DFEB6-421A-4B88-B079-03AAEEE84FF7}.Editor|Any CPU.ActiveCfg = Debug|Any CPU
		{D84DFEB6-421A-4B88-B079-03AAEEE84FF7}.Editor|Any CPU.Build.0 = Debug|Any CPU
		{D84DFEB6-421A-4B88-B079-03AAEEE84FF7}.Release|Any CPU.ActiveCfg = Release|Any CPU
		{D84DFEB6-421A-4B88-B079-03AAEEE84FF7}.Release|Any CPU.Build.0 = Release|Any CPU
		{FCF0FD04-C856-46F6-A192-406853F5D311}.Debug|Any CPU.ActiveCfg = Debug|Any CPU
		{FCF0FD04-C856-46F6-A192-406853F5D311}.Debug|Any CPU.Build.0 = Debug|Any CPU
		{FCF0FD04-C856-46F6-A192-406853F5D311}.Editor|Any CPU.ActiveCfg = Debug|Any CPU
		{FCF0FD04-C856-46F6-A192-406853F5D311}.Editor|Any CPU.Build.0 = Debug|Any CPU
		{FCF0FD04-C856-46F6-A192-406853F5D311}.Release|Any CPU.ActiveCfg = Release|Any CPU
		{FCF0FD04-C856-46F6-A192-406853F5D311}.Release|Any CPU.Build.0 = Release|Any CPU
		{63DBEA92-469B-4EB3-B886-C35D07AD26E5}.Debug|Any CPU.ActiveCfg = Debug|Any CPU
		{63DBEA92-469B-4EB3-B886-C35D07AD26E5}.Debug|Any CPU.Build.0 = Debug|Any CPU
		{63DBEA92-469B-4EB3-B886-C35D07AD26E5}.Editor|Any CPU.ActiveCfg = Debug|Any CPU
		{63DBEA92-469B-4EB3-B886-C35D07AD26E5}.Editor|Any CPU.Build.0 = Debug|Any CPU
		{63DBEA92-469B-4EB3-B886-C35D07AD26E5}.Release|Any CPU.ActiveCfg = Release|Any CPU
		{63DBEA92-469B-4EB3-B886-C35D07AD26E5}.Release|Any CPU.Build.0 = Release|Any CPU
		{62D6147D-8105-4230-80B7-2F474833E340}.Debug|Any CPU.ActiveCfg = Debug|Any CPU
		{62D6147D-8105-4230-80B7-2F474833E340}.Debug|Any CPU.Build.0 = Debug|Any CPU
		{62D6147D-8105-4230-80B7-2F474833E340}.Editor|Any CPU.ActiveCfg = Debug|Any CPU
		{62D6147D-8105-4230-80B7-2F474833E340}.Editor|Any CPU.Build.0 = Debug|Any CPU
		{62D6147D-8105-4230-80B7-2F474833E340}.Release|Any CPU.ActiveCfg = Release|Any CPU
		{62D6147D-8105-4230-80B7-2F474833E340}.Release|Any CPU.Build.0 = Release|Any CPU
		{BF2DBA3A-E0B1-4663-88D3-1A36CAE35100}.Debug|Any CPU.ActiveCfg = Debug|Any CPU
		{BF2DBA3A-E0B1-4663-88D3-1A36CAE35100}.Debug|Any CPU.Build.0 = Debug|Any CPU
		{BF2DBA3A-E0B1-4663-88D3-1A36CAE35100}.Editor|Any CPU.ActiveCfg = Debug|Any CPU
		{BF2DBA3A-E0B1-4663-88D3-1A36CAE35100}.Editor|Any CPU.Build.0 = Debug|Any CPU
		{BF2DBA3A-E0B1-4663-88D3-1A36CAE35100}.Release|Any CPU.ActiveCfg = Release|Any CPU
		{BF2DBA3A-E0B1-4663-88D3-1A36CAE35100}.Release|Any CPU.Build.0 = Release|Any CPU
		{7898302C-A8FD-429D-BB67-B324B587CA62}.Debug|Any CPU.ActiveCfg = Debug|Any CPU
		{7898302C-A8FD-429D-BB67-B324B587CA62}.Debug|Any CPU.Build.0 = Debug|Any CPU
		{7898302C-A8FD-429D-BB67-B324B587CA62}.Editor|Any CPU.ActiveCfg = Debug|Any CPU
		{7898302C-A8FD-429D-BB67-B324B587CA62}.Editor|Any CPU.Build.0 = Debug|Any CPU
		{7898302C-A8FD-429D-BB67-B324B587CA62}.Release|Any CPU.ActiveCfg = Release|Any CPU
		{7898302C-A8FD-429D-BB67-B324B587CA62}.Release|Any CPU.Build.0 = Release|Any CPU
		{5CC29D06-E2A3-4C7D-A5D2-19CD6D0451AF}.Debug|Any CPU.ActiveCfg = Debug|Any CPU
		{5CC29D06-E2A3-4C7D-A5D2-19CD6D0451AF}.Debug|Any CPU.Build.0 = Debug|Any CPU
		{5CC29D06-E2A3-4C7D-A5D2-19CD6D0451AF}.Editor|Any CPU.ActiveCfg = Debug|Any CPU
		{5CC29D06-E2A3-4C7D-A5D2-19CD6D0451AF}.Editor|Any CPU.Build.0 = Debug|Any CPU
		{5CC29D06-E2A3-4C7D-A5D2-19CD6D0451AF}.Release|Any CPU.ActiveCfg = Release|Any CPU
		{5CC29D06-E2A3-4C7D-A5D2-19CD6D0451AF}.Release|Any CPU.Build.0 = Release|Any CPU
	EndGlobalSection
	GlobalSection(SolutionProperties) = preSolution
		HideSolutionNode = FALSE
	EndGlobalSection
	GlobalSection(ExtensibilityGlobals) = postSolution
		SolutionGuid = {6DDCAD3F-C162-4516-B1C5-899C5E655758}
	EndGlobalSection
EndGlobal
